// !$*UTF8*$!
{
	archiveVersion = 1;
	classes = {
	};
	objectVersion = 48;
	objects = {

/* Begin PBXBuildFile section */
		1F018F982022EF510010BEDB /* SettingAlertCell.swift in Sources */ = {isa = PBXBuildFile; fileRef = 1F018F972022EF510010BEDB /* SettingAlertCell.swift */; };
		1F0D7BEE1F5E7675006AC4DB /* BaseInfoViewController.swift in Sources */ = {isa = PBXBuildFile; fileRef = 1F0D7BED1F5E7675006AC4DB /* BaseInfoViewController.swift */; };
		1F0D7BF01F5E76CA006AC4DB /* BaseInfoNavigationController.swift in Sources */ = {isa = PBXBuildFile; fileRef = 1F0D7BEF1F5E76CA006AC4DB /* BaseInfoNavigationController.swift */; };
		1F0D7BF31F5E7B47006AC4DB /* ColorExtension.swift in Sources */ = {isa = PBXBuildFile; fileRef = 1F0D7BF21F5E7B47006AC4DB /* ColorExtension.swift */; };
		1F0D7BF51F5E801B006AC4DB /* BaseInfoEssentialCell.swift in Sources */ = {isa = PBXBuildFile; fileRef = 1F0D7BF41F5E801B006AC4DB /* BaseInfoEssentialCell.swift */; };
		1F0D7BF71F5E807A006AC4DB /* Localize.swift in Sources */ = {isa = PBXBuildFile; fileRef = 1F0D7BF61F5E807A006AC4DB /* Localize.swift */; };
		1F0D7BF91F5E877E006AC4DB /* BaseModel.swift in Sources */ = {isa = PBXBuildFile; fileRef = 1F0D7BF81F5E877E006AC4DB /* BaseModel.swift */; };
		1F0D7BFD1F5E8B8F006AC4DB /* BaseModel.strings in Resources */ = {isa = PBXBuildFile; fileRef = 1F0D7BFF1F5E8B8F006AC4DB /* BaseModel.strings */; };
		1F0D7C0B1F5FA343006AC4DB /* BaseInfo.strings in Resources */ = {isa = PBXBuildFile; fileRef = 1F0D7C0D1F5FA343006AC4DB /* BaseInfo.strings */; };
		1F0D7C121F5FA85F006AC4DB /* BaseInfoParkPickVC.swift in Sources */ = {isa = PBXBuildFile; fileRef = 1F0D7C111F5FA85F006AC4DB /* BaseInfoParkPickVC.swift */; };
		1F0D7C141F5FCBF4006AC4DB /* BaseInfoColor.swift in Sources */ = {isa = PBXBuildFile; fileRef = 1F0D7C131F5FCBF4006AC4DB /* BaseInfoColor.swift */; };
		1F111C151F6BB2B4002D2FB6 /* UIViewControllerExtension.swift in Sources */ = {isa = PBXBuildFile; fileRef = 1F111C141F6BB2B4002D2FB6 /* UIViewControllerExtension.swift */; };
		1F1719CB1FA6CB770064C2FD /* GreetingImageCell.swift in Sources */ = {isa = PBXBuildFile; fileRef = 1F1719CA1FA6CB770064C2FD /* GreetingImageCell.swift */; };
		1F1719CD1FA816B40064C2FD /* GreetingOtherCell.swift in Sources */ = {isa = PBXBuildFile; fileRef = 1F1719CC1FA816B40064C2FD /* GreetingOtherCell.swift */; };
		1F24BDF51FB4361F004C94E7 /* TimelineModel.swift in Sources */ = {isa = PBXBuildFile; fileRef = 1F24BDF41FB4361F004C94E7 /* TimelineModel.swift */; };
		1F24BDF71FB45481004C94E7 /* TimelineCell.swift in Sources */ = {isa = PBXBuildFile; fileRef = 1F24BDF61FB45481004C94E7 /* TimelineCell.swift */; };
		1F24BDFA1FB45D28004C94E7 /* Timeline.strings in Resources */ = {isa = PBXBuildFile; fileRef = 1F24BDFC1FB45D28004C94E7 /* Timeline.strings */; };
		1F24BE071FB53FE5004C94E7 /* ArrayExtension.swift in Sources */ = {isa = PBXBuildFile; fileRef = 1F24BE061FB53FE5004C94E7 /* ArrayExtension.swift */; };
		1F24BE0C1FB59E23004C94E7 /* MapVC.swift in Sources */ = {isa = PBXBuildFile; fileRef = 1F24BE0B1FB59E23004C94E7 /* MapVC.swift */; };
		1F2D51411FA05B53008F2511 /* AttractionSearchVC.swift in Sources */ = {isa = PBXBuildFile; fileRef = 1F2D51401FA05B53008F2511 /* AttractionSearchVC.swift */; };
		1F2E56D11F98823800B10912 /* ShowVC.swift in Sources */ = {isa = PBXBuildFile; fileRef = 1F2E56D01F98823800B10912 /* ShowVC.swift */; };
		1F2E56D31F988AC200B10912 /* AttractionPageVC.swift in Sources */ = {isa = PBXBuildFile; fileRef = 1F2E56D21F988AC200B10912 /* AttractionPageVC.swift */; };
		1F3436D31F736B0F00F05EF7 /* SuggestColor.swift in Sources */ = {isa = PBXBuildFile; fileRef = 1F3436D21F736B0F00F05EF7 /* SuggestColor.swift */; };
		1F3436D61F73794800F05EF7 /* CreatePlanTimeAndPark.swift in Sources */ = {isa = PBXBuildFile; fileRef = 1F3436D51F73794800F05EF7 /* CreatePlanTimeAndPark.swift */; };
		1F3436D81F7394C400F05EF7 /* CreatePlanMain.swift in Sources */ = {isa = PBXBuildFile; fileRef = 1F3436D71F7394C400F05EF7 /* CreatePlanMain.swift */; };
		1F4606251F60E73A00F8CC96 /* DateExtension.swift in Sources */ = {isa = PBXBuildFile; fileRef = 1F4606241F60E73A00F8CC96 /* DateExtension.swift */; };
		1F4B2DDE20297AAA00461507 /* AttractionAnnotation.swift in Sources */ = {isa = PBXBuildFile; fileRef = 1F4B2DDD20297AAA00461507 /* AttractionAnnotation.swift */; };
		1F4B2E01202B28D600461507 /* Map.strings in Resources */ = {isa = PBXBuildFile; fileRef = 1F4B2E03202B28D600461507 /* Map.strings */; };
		1F4B2E09202B2A8B00461507 /* MapFilterPicker.swift in Sources */ = {isa = PBXBuildFile; fileRef = 1F4B2E08202B2A8B00461507 /* MapFilterPicker.swift */; };
		1F4B2E0B202C24E800461507 /* SettingAlertAdvanceVC.swift in Sources */ = {isa = PBXBuildFile; fileRef = 1F4B2E0A202C24E800461507 /* SettingAlertAdvanceVC.swift */; };
		1F4B2E0D202C25DF00461507 /* UserDefault.swift in Sources */ = {isa = PBXBuildFile; fileRef = 1F4B2E0C202C25DF00461507 /* UserDefault.swift */; };
		1F4E36891FA1B51900899F0F /* GreetingDetailVC.swift in Sources */ = {isa = PBXBuildFile; fileRef = 1F4E36881FA1B51900899F0F /* GreetingDetailVC.swift */; };
		1F4EE8E61F99CFB600D76E84 /* ShowCell.swift in Sources */ = {isa = PBXBuildFile; fileRef = 1F4EE8E51F99CFB600D76E84 /* ShowCell.swift */; };
		1F4EE8E81F9DD9AD00D76E84 /* GreetingCell.swift in Sources */ = {isa = PBXBuildFile; fileRef = 1F4EE8E71F9DD9AD00D76E84 /* GreetingCell.swift */; };
		1F5096F81F6784950008B8C1 /* AttractionCell.swift in Sources */ = {isa = PBXBuildFile; fileRef = 1F5096F71F6784950008B8C1 /* AttractionCell.swift */; };
		1F5096FA1F67C9A00008B8C1 /* AlamofireImage.framework in Frameworks */ = {isa = PBXBuildFile; fileRef = 1F5096F91F67C9A00008B8C1 /* AlamofireImage.framework */; };
		1F5BDF011FB070C400D69560 /* AttractionImageCell.swift in Sources */ = {isa = PBXBuildFile; fileRef = 1F5BDF001FB070C400D69560 /* AttractionImageCell.swift */; };
		1F5BDF031FB0713000D69560 /* AttractionOtherCell.swift in Sources */ = {isa = PBXBuildFile; fileRef = 1F5BDF021FB0713000D69560 /* AttractionOtherCell.swift */; };
		1F6F4DF91FAB241800FCE72A /* ShowImageCell.swift in Sources */ = {isa = PBXBuildFile; fileRef = 1F6F4DF81FAB241800FCE72A /* ShowImageCell.swift */; };
		1F6F4DFB1FAB243200FCE72A /* ShowOtherCell.swift in Sources */ = {isa = PBXBuildFile; fileRef = 1F6F4DFA1FAB243100FCE72A /* ShowOtherCell.swift */; };
		1F6F4DFD1FB01B9500FCE72A /* AttractionDetailVC.swift in Sources */ = {isa = PBXBuildFile; fileRef = 1F6F4DFC1FB01B9500FCE72A /* AttractionDetailVC.swift */; };
		1F719B861F627E230010CD68 /* BaseInfoTagCell.swift in Sources */ = {isa = PBXBuildFile; fileRef = 1F719B851F627E230010CD68 /* BaseInfoTagCell.swift */; };
		1F719B891F62A10A0010CD68 /* Main.swift in Sources */ = {isa = PBXBuildFile; fileRef = 1F719B881F62A10A0010CD68 /* Main.swift */; };
		1F719B8F1F663F680010CD68 /* AttractionVC.swift in Sources */ = {isa = PBXBuildFile; fileRef = 1F719B8E1F663F680010CD68 /* AttractionVC.swift */; };
		1F719B911F663F7E0010CD68 /* SettingVC.swift in Sources */ = {isa = PBXBuildFile; fileRef = 1F719B901F663F7D0010CD68 /* SettingVC.swift */; };
		1F719B931F663F940010CD68 /* MyPlanVC.swift in Sources */ = {isa = PBXBuildFile; fileRef = 1F719B921F663F940010CD68 /* MyPlanVC.swift */; };
		1F719B951F663FAD0010CD68 /* SuggestVC.swift in Sources */ = {isa = PBXBuildFile; fileRef = 1F719B941F663FAD0010CD68 /* SuggestVC.swift */; };
		1F73B4531F5FE06C006FFABB /* ParkPicker.swift in Sources */ = {isa = PBXBuildFile; fileRef = 1F73B4521F5FE06C006FFABB /* ParkPicker.swift */; };
		1F76247D1FA9A3AF005F3D4A /* StringExtension.swift in Sources */ = {isa = PBXBuildFile; fileRef = 1F76247C1FA9A3AF005F3D4A /* StringExtension.swift */; };
		1F76247F1FA9BFCF005F3D4A /* ShowDetailVC.swift in Sources */ = {isa = PBXBuildFile; fileRef = 1F76247E1FA9BFCF005F3D4A /* ShowDetailVC.swift */; };
		1F7ADA701F988CC500178A28 /* GreetingVC.swift in Sources */ = {isa = PBXBuildFile; fileRef = 1F7ADA6F1F988CC500178A28 /* GreetingVC.swift */; };
		1F81E7C11F9F525E0011B6F7 /* RightImageButton.swift in Sources */ = {isa = PBXBuildFile; fileRef = 1F81E7C01F9F525E0011B6F7 /* RightImageButton.swift */; };
		1F8D0FAD1F666D66006461D1 /* Main.strings in Resources */ = {isa = PBXBuildFile; fileRef = 1F8D0FAF1F666D66006461D1 /* Main.strings */; };
		1F8D0FB51F666F81006461D1 /* Attraction.strings in Resources */ = {isa = PBXBuildFile; fileRef = 1F8D0FB71F666F81006461D1 /* Attraction.strings */; };
		1F8D0FBC1F66816E006461D1 /* AttractionModel.swift in Sources */ = {isa = PBXBuildFile; fileRef = 1F8D0FBB1F66816E006461D1 /* AttractionModel.swift */; };
		1F93D6501F7107D100EFE8D5 /* AttractionColor.swift in Sources */ = {isa = PBXBuildFile; fileRef = 1F93D64F1F7107D100EFE8D5 /* AttractionColor.swift */; };
		1F93D6531F721D2200EFE8D5 /* SuggestModel.swift in Sources */ = {isa = PBXBuildFile; fileRef = 1F93D6521F721D2200EFE8D5 /* SuggestModel.swift */; };
		1F93D6551F72694000EFE8D5 /* SuggestCell.swift in Sources */ = {isa = PBXBuildFile; fileRef = 1F93D6541F72694000EFE8D5 /* SuggestCell.swift */; };
		1F9D175D1F79193E009996A9 /* Preferences.swift in Sources */ = {isa = PBXBuildFile; fileRef = 1F9D175C1F79193E009996A9 /* Preferences.swift */; };
		1FA5B80B1F5FF4F500654E04 /* BaseInfoDatePickVC.swift in Sources */ = {isa = PBXBuildFile; fileRef = 1FA5B80A1F5FF4F500654E04 /* BaseInfoDatePickVC.swift */; };
		1FA5B80D1F5FF6B400654E04 /* DatePicker.swift in Sources */ = {isa = PBXBuildFile; fileRef = 1FA5B80C1F5FF6B400654E04 /* DatePicker.swift */; };
		1FA799981F623ACA003EC3F2 /* API.swift in Sources */ = {isa = PBXBuildFile; fileRef = 1FA799971F623ACA003EC3F2 /* API.swift */; };
		1FA7999A1F624A9B003EC3F2 /* BaseInfoModel.swift in Sources */ = {isa = PBXBuildFile; fileRef = 1FA799991F624A9B003EC3F2 /* BaseInfoModel.swift */; };
		1FA9A643201F04BF00E95F59 /* Setting.strings in Resources */ = {isa = PBXBuildFile; fileRef = 1FA9A645201F04BF00E95F59 /* Setting.strings */; };
		1FA9A64A201F051E00E95F59 /* SettingCell.swift in Sources */ = {isa = PBXBuildFile; fileRef = 1FA9A649201F051E00E95F59 /* SettingCell.swift */; };
		1FA9A64C201F101400E95F59 /* SettingAlertVC.swift in Sources */ = {isa = PBXBuildFile; fileRef = 1FA9A64B201F101400E95F59 /* SettingAlertVC.swift */; };
		1FA9A655201F319E00E95F59 /* CoreData.swift in Sources */ = {isa = PBXBuildFile; fileRef = 1FA9A654201F319E00E95F59 /* CoreData.swift */; };
		1FAE3A171F75195F00812C1A /* CreatePlanColor.swift in Sources */ = {isa = PBXBuildFile; fileRef = 1FAE3A161F75195F00812C1A /* CreatePlanColor.swift */; };
		1FB151061F5D354200BE4A7D /* AppDelegate.swift in Sources */ = {isa = PBXBuildFile; fileRef = 1FB151051F5D354200BE4A7D /* AppDelegate.swift */; };
		1FB151081F5D354200BE4A7D /* ViewController.swift in Sources */ = {isa = PBXBuildFile; fileRef = 1FB151071F5D354200BE4A7D /* ViewController.swift */; };
		1FB1510E1F5D354200BE4A7D /* disneyNavigationPreview.xcdatamodeld in Sources */ = {isa = PBXBuildFile; fileRef = 1FB1510C1F5D354200BE4A7D /* disneyNavigationPreview.xcdatamodeld */; };
		1FB151101F5D354200BE4A7D /* Assets.xcassets in Resources */ = {isa = PBXBuildFile; fileRef = 1FB1510F1F5D354200BE4A7D /* Assets.xcassets */; };
		1FB151131F5D354200BE4A7D /* LaunchScreen.storyboard in Resources */ = {isa = PBXBuildFile; fileRef = 1FB151111F5D354200BE4A7D /* LaunchScreen.storyboard */; };
		1FB1511D1F5D3CDE00BE4A7D /* Cartfile in Resources */ = {isa = PBXBuildFile; fileRef = 1FB1511C1F5D3CDE00BE4A7D /* Cartfile */; };
		1FB151231F5D479300BE4A7D /* Alamofire.framework in Frameworks */ = {isa = PBXBuildFile; fileRef = 1FB1511F1F5D479300BE4A7D /* Alamofire.framework */; };
		1FB151241F5D479300BE4A7D /* RxSwift.framework in Frameworks */ = {isa = PBXBuildFile; fileRef = 1FB151201F5D479300BE4A7D /* RxSwift.framework */; };
		1FB151251F5D479300BE4A7D /* RxCocoa.framework in Frameworks */ = {isa = PBXBuildFile; fileRef = 1FB151211F5D479300BE4A7D /* RxCocoa.framework */; };
		1FB151261F5D479300BE4A7D /* RxBlocking.framework in Frameworks */ = {isa = PBXBuildFile; fileRef = 1FB151221F5D479300BE4A7D /* RxBlocking.framework */; };
		1FB151291F5D4B3600BE4A7D /* .swiftlint.yml in Resources */ = {isa = PBXBuildFile; fileRef = 1FB151281F5D4B3600BE4A7D /* .swiftlint.yml */; };
		1FB4DF121F791ABA00198401 /* CreatePlanMainCell.swift in Sources */ = {isa = PBXBuildFile; fileRef = 1FB4DF111F791ABA00198401 /* CreatePlanMainCell.swift */; };
		1FBB522B1F74BFDA006EDC55 /* CreatePlanCategory.swift in Sources */ = {isa = PBXBuildFile; fileRef = 1FBB522A1F74BFDA006EDC55 /* CreatePlanCategory.swift */; };
		1FBB522D1F74C162006EDC55 /* CreatePlanCategoryCell.swift in Sources */ = {isa = PBXBuildFile; fileRef = 1FBB522C1F74C162006EDC55 /* CreatePlanCategoryCell.swift */; };
		1FBB52301F74E444006EDC55 /* CreatePlan.strings in Resources */ = {isa = PBXBuildFile; fileRef = 1FBB52321F74E444006EDC55 /* CreatePlan.strings */; };
		1FBB52371F74EC5C006EDC55 /* CreatePlanAttractionsHot.swift in Sources */ = {isa = PBXBuildFile; fileRef = 1FBB52361F74EC5C006EDC55 /* CreatePlanAttractionsHot.swift */; };
		1FBB52391F74EEEB006EDC55 /* CreatePlanModel.swift in Sources */ = {isa = PBXBuildFile; fileRef = 1FBB52381F74EEEB006EDC55 /* CreatePlanModel.swift */; };
		1FBB523B1F74F49B006EDC55 /* CreatePlanAttractionsHotCell.swift in Sources */ = {isa = PBXBuildFile; fileRef = 1FBB523A1F74F49B006EDC55 /* CreatePlanAttractionsHotCell.swift */; };
		1FBB523D1F750916006EDC55 /* RoundedCornerImageView.swift in Sources */ = {isa = PBXBuildFile; fileRef = 1FBB523C1F750916006EDC55 /* RoundedCornerImageView.swift */; };
		1FC350A91FB2A99200AE8A6C /* AttractionChartCell.swift in Sources */ = {isa = PBXBuildFile; fileRef = 1FC350A81FB2A99200AE8A6C /* AttractionChartCell.swift */; };
		1FC350AB1FB3029800AE8A6C /* WaitTimeChart.swift in Sources */ = {isa = PBXBuildFile; fileRef = 1FC350AA1FB3029800AE8A6C /* WaitTimeChart.swift */; };
		1FC350B01FB3341100AE8A6C /* TimeLineLayout.swift in Sources */ = {isa = PBXBuildFile; fileRef = 1FC350AF1FB3341100AE8A6C /* TimeLineLayout.swift */; };
		1FE064B820453B2600BCD945 /* ShowScheduleDatePickerVC.swift in Sources */ = {isa = PBXBuildFile; fileRef = 1FE064B720453B2600BCD945 /* ShowScheduleDatePickerVC.swift */; };
		1FE064BB20454FE700BCD945 /* Hot.strings in Resources */ = {isa = PBXBuildFile; fileRef = 1FE064BD20454FE700BCD945 /* Hot.strings */; };
		1FF532911F9EF89F00E44B81 /* AttractionEmptyPageVC.swift in Sources */ = {isa = PBXBuildFile; fileRef = 1FF532901F9EF89F00E44B81 /* AttractionEmptyPageVC.swift */; };
		1FFA850F20118C5300D0F963 /* ImageAccess.swift in Sources */ = {isa = PBXBuildFile; fileRef = 1FFA850E20118C5300D0F963 /* ImageAccess.swift */; };
		1FFA85112011C58700D0F963 /* DisneyOverlay.swift in Sources */ = {isa = PBXBuildFile; fileRef = 1FFA85102011C58700D0F963 /* DisneyOverlay.swift */; };
		1FFA85132011C5C700D0F963 /* tiles in Resources */ = {isa = PBXBuildFile; fileRef = 1FFA85122011C5C600D0F963 /* tiles */; };
		1FFA85152011E0EB00D0F963 /* ShowScheduleVC.swift in Sources */ = {isa = PBXBuildFile; fileRef = 1FFA85142011E0EB00D0F963 /* ShowScheduleVC.swift */; };
		1FFA85182011F3AD00D0F963 /* HotVC.swift in Sources */ = {isa = PBXBuildFile; fileRef = 1FFA85172011F3AD00D0F963 /* HotVC.swift */; };
		1FFA851A2011FCFA00D0F963 /* HotCell.swift in Sources */ = {isa = PBXBuildFile; fileRef = 1FFA85192011FCFA00D0F963 /* HotCell.swift */; };
		1FFBD63D2020552E004AEFD5 /* UserNotification.swift in Sources */ = {isa = PBXBuildFile; fileRef = 1FFBD63C2020552E004AEFD5 /* UserNotification.swift */; };
		1FFBD65E20215FED004AEFD5 /* Notification.strings in Resources */ = {isa = PBXBuildFile; fileRef = 1FFBD66020215FED004AEFD5 /* Notification.strings */; };
/* End PBXBuildFile section */

/* Begin PBXFileReference section */
		1F018F972022EF510010BEDB /* SettingAlertCell.swift */ = {isa = PBXFileReference; lastKnownFileType = sourcecode.swift; path = SettingAlertCell.swift; sourceTree = "<group>"; };
		1F0D7BED1F5E7675006AC4DB /* BaseInfoViewController.swift */ = {isa = PBXFileReference; lastKnownFileType = sourcecode.swift; path = BaseInfoViewController.swift; sourceTree = "<group>"; };
		1F0D7BEF1F5E76CA006AC4DB /* BaseInfoNavigationController.swift */ = {isa = PBXFileReference; lastKnownFileType = sourcecode.swift; path = BaseInfoNavigationController.swift; sourceTree = "<group>"; };
		1F0D7BF21F5E7B47006AC4DB /* ColorExtension.swift */ = {isa = PBXFileReference; lastKnownFileType = sourcecode.swift; path = ColorExtension.swift; sourceTree = "<group>"; };
		1F0D7BF41F5E801B006AC4DB /* BaseInfoEssentialCell.swift */ = {isa = PBXFileReference; lastKnownFileType = sourcecode.swift; path = BaseInfoEssentialCell.swift; sourceTree = "<group>"; };
		1F0D7BF61F5E807A006AC4DB /* Localize.swift */ = {isa = PBXFileReference; lastKnownFileType = sourcecode.swift; path = Localize.swift; sourceTree = "<group>"; };
		1F0D7BF81F5E877E006AC4DB /* BaseModel.swift */ = {isa = PBXFileReference; lastKnownFileType = sourcecode.swift; path = BaseModel.swift; sourceTree = "<group>"; };
		1F0D7BFE1F5E8B8F006AC4DB /* en */ = {isa = PBXFileReference; lastKnownFileType = text.plist.strings; name = en; path = en.lproj/BaseModel.strings; sourceTree = "<group>"; };
		1F0D7C031F5E8C7C006AC4DB /* zh-Hans */ = {isa = PBXFileReference; lastKnownFileType = text.plist.strings; name = "zh-Hans"; path = "zh-Hans.lproj/BaseModel.strings"; sourceTree = "<group>"; };
		1F0D7C051F5E8C82006AC4DB /* zh-Hant */ = {isa = PBXFileReference; lastKnownFileType = text.plist.strings; name = "zh-Hant"; path = "zh-Hant.lproj/BaseModel.strings"; sourceTree = "<group>"; };
		1F0D7C071F5E8C86006AC4DB /* ja */ = {isa = PBXFileReference; lastKnownFileType = text.plist.strings; name = ja; path = ja.lproj/BaseModel.strings; sourceTree = "<group>"; };
		1F0D7C0C1F5FA343006AC4DB /* en */ = {isa = PBXFileReference; lastKnownFileType = text.plist.strings; name = en; path = en.lproj/BaseInfo.strings; sourceTree = "<group>"; };
		1F0D7C0E1F5FA34D006AC4DB /* zh-Hans */ = {isa = PBXFileReference; lastKnownFileType = text.plist.strings; name = "zh-Hans"; path = "zh-Hans.lproj/BaseInfo.strings"; sourceTree = "<group>"; };
		1F0D7C0F1F5FA34F006AC4DB /* zh-Hant */ = {isa = PBXFileReference; lastKnownFileType = text.plist.strings; name = "zh-Hant"; path = "zh-Hant.lproj/BaseInfo.strings"; sourceTree = "<group>"; };
		1F0D7C101F5FA350006AC4DB /* ja */ = {isa = PBXFileReference; lastKnownFileType = text.plist.strings; name = ja; path = ja.lproj/BaseInfo.strings; sourceTree = "<group>"; };
		1F0D7C111F5FA85F006AC4DB /* BaseInfoParkPickVC.swift */ = {isa = PBXFileReference; lastKnownFileType = sourcecode.swift; path = BaseInfoParkPickVC.swift; sourceTree = "<group>"; };
		1F0D7C131F5FCBF4006AC4DB /* BaseInfoColor.swift */ = {isa = PBXFileReference; lastKnownFileType = sourcecode.swift; path = BaseInfoColor.swift; sourceTree = "<group>"; };
		1F111C141F6BB2B4002D2FB6 /* UIViewControllerExtension.swift */ = {isa = PBXFileReference; lastKnownFileType = sourcecode.swift; path = UIViewControllerExtension.swift; sourceTree = "<group>"; };
		1F1719CA1FA6CB770064C2FD /* GreetingImageCell.swift */ = {isa = PBXFileReference; lastKnownFileType = sourcecode.swift; path = GreetingImageCell.swift; sourceTree = "<group>"; };
		1F1719CC1FA816B40064C2FD /* GreetingOtherCell.swift */ = {isa = PBXFileReference; lastKnownFileType = sourcecode.swift; path = GreetingOtherCell.swift; sourceTree = "<group>"; };
		1F24BDF41FB4361F004C94E7 /* TimelineModel.swift */ = {isa = PBXFileReference; lastKnownFileType = sourcecode.swift; path = TimelineModel.swift; sourceTree = "<group>"; };
		1F24BDF61FB45481004C94E7 /* TimelineCell.swift */ = {isa = PBXFileReference; lastKnownFileType = sourcecode.swift; path = TimelineCell.swift; sourceTree = "<group>"; };
		1F24BDFB1FB45D28004C94E7 /* en */ = {isa = PBXFileReference; lastKnownFileType = text.plist.strings; name = en; path = en.lproj/Timeline.strings; sourceTree = "<group>"; };
		1F24BDFD1FB45D2A004C94E7 /* zh-Hans */ = {isa = PBXFileReference; lastKnownFileType = text.plist.strings; name = "zh-Hans"; path = "zh-Hans.lproj/Timeline.strings"; sourceTree = "<group>"; };
		1F24BDFE1FB45D2E004C94E7 /* zh-Hant */ = {isa = PBXFileReference; lastKnownFileType = text.plist.strings; name = "zh-Hant"; path = "zh-Hant.lproj/Timeline.strings"; sourceTree = "<group>"; };
		1F24BDFF1FB45D2E004C94E7 /* ja */ = {isa = PBXFileReference; lastKnownFileType = text.plist.strings; name = ja; path = ja.lproj/Timeline.strings; sourceTree = "<group>"; };
		1F24BE001FB45D44004C94E7 /* Base */ = {isa = PBXFileReference; lastKnownFileType = text.plist.strings; name = Base; path = Base.lproj/BaseModel.strings; sourceTree = "<group>"; };
		1F24BE011FB45D48004C94E7 /* Base */ = {isa = PBXFileReference; lastKnownFileType = text.plist.strings; name = Base; path = Base.lproj/BaseInfo.strings; sourceTree = "<group>"; };
		1F24BE021FB45D4A004C94E7 /* Base */ = {isa = PBXFileReference; lastKnownFileType = text.plist.strings; name = Base; path = Base.lproj/Main.strings; sourceTree = "<group>"; };
		1F24BE031FB45D4D004C94E7 /* Base */ = {isa = PBXFileReference; lastKnownFileType = text.plist.strings; name = Base; path = Base.lproj/Attraction.strings; sourceTree = "<group>"; };
		1F24BE041FB45D4F004C94E7 /* Base */ = {isa = PBXFileReference; lastKnownFileType = text.plist.strings; name = Base; path = Base.lproj/CreatePlan.strings; sourceTree = "<group>"; };
		1F24BE051FB45D52004C94E7 /* Base */ = {isa = PBXFileReference; lastKnownFileType = text.plist.strings; name = Base; path = Base.lproj/Timeline.strings; sourceTree = "<group>"; };
		1F24BE061FB53FE5004C94E7 /* ArrayExtension.swift */ = {isa = PBXFileReference; lastKnownFileType = sourcecode.swift; path = ArrayExtension.swift; sourceTree = "<group>"; };
		1F24BE0B1FB59E23004C94E7 /* MapVC.swift */ = {isa = PBXFileReference; lastKnownFileType = sourcecode.swift; path = MapVC.swift; sourceTree = "<group>"; };
		1F2D51401FA05B53008F2511 /* AttractionSearchVC.swift */ = {isa = PBXFileReference; lastKnownFileType = sourcecode.swift; path = AttractionSearchVC.swift; sourceTree = "<group>"; };
		1F2E56D01F98823800B10912 /* ShowVC.swift */ = {isa = PBXFileReference; lastKnownFileType = sourcecode.swift; path = ShowVC.swift; sourceTree = "<group>"; };
		1F2E56D21F988AC200B10912 /* AttractionPageVC.swift */ = {isa = PBXFileReference; lastKnownFileType = sourcecode.swift; path = AttractionPageVC.swift; sourceTree = "<group>"; };
		1F3436D21F736B0F00F05EF7 /* SuggestColor.swift */ = {isa = PBXFileReference; lastKnownFileType = sourcecode.swift; path = SuggestColor.swift; sourceTree = "<group>"; };
		1F3436D51F73794800F05EF7 /* CreatePlanTimeAndPark.swift */ = {isa = PBXFileReference; lastKnownFileType = sourcecode.swift; path = CreatePlanTimeAndPark.swift; sourceTree = "<group>"; };
		1F3436D71F7394C400F05EF7 /* CreatePlanMain.swift */ = {isa = PBXFileReference; lastKnownFileType = sourcecode.swift; path = CreatePlanMain.swift; sourceTree = "<group>"; };
		1F4606241F60E73A00F8CC96 /* DateExtension.swift */ = {isa = PBXFileReference; lastKnownFileType = sourcecode.swift; path = DateExtension.swift; sourceTree = "<group>"; };
		1F4B2DDD20297AAA00461507 /* AttractionAnnotation.swift */ = {isa = PBXFileReference; lastKnownFileType = sourcecode.swift; path = AttractionAnnotation.swift; sourceTree = "<group>"; };
		1F4B2E02202B28D600461507 /* en */ = {isa = PBXFileReference; lastKnownFileType = text.plist.strings; name = en; path = en.lproj/Map.strings; sourceTree = "<group>"; };
		1F4B2E04202B28D800461507 /* zh-Hans */ = {isa = PBXFileReference; lastKnownFileType = text.plist.strings; name = "zh-Hans"; path = "zh-Hans.lproj/Map.strings"; sourceTree = "<group>"; };
		1F4B2E05202B28D900461507 /* zh-Hant */ = {isa = PBXFileReference; lastKnownFileType = text.plist.strings; name = "zh-Hant"; path = "zh-Hant.lproj/Map.strings"; sourceTree = "<group>"; };
		1F4B2E06202B28DA00461507 /* ja */ = {isa = PBXFileReference; lastKnownFileType = text.plist.strings; name = ja; path = ja.lproj/Map.strings; sourceTree = "<group>"; };
		1F4B2E07202B28DF00461507 /* Base */ = {isa = PBXFileReference; lastKnownFileType = text.plist.strings; name = Base; path = Base.lproj/Map.strings; sourceTree = "<group>"; };
		1F4B2E08202B2A8B00461507 /* MapFilterPicker.swift */ = {isa = PBXFileReference; lastKnownFileType = sourcecode.swift; path = MapFilterPicker.swift; sourceTree = "<group>"; };
		1F4B2E0A202C24E800461507 /* SettingAlertAdvanceVC.swift */ = {isa = PBXFileReference; lastKnownFileType = sourcecode.swift; path = SettingAlertAdvanceVC.swift; sourceTree = "<group>"; };
		1F4B2E0C202C25DF00461507 /* UserDefault.swift */ = {isa = PBXFileReference; lastKnownFileType = sourcecode.swift; path = UserDefault.swift; sourceTree = "<group>"; };
		1F4E36881FA1B51900899F0F /* GreetingDetailVC.swift */ = {isa = PBXFileReference; lastKnownFileType = sourcecode.swift; path = GreetingDetailVC.swift; sourceTree = "<group>"; };
		1F4EE8E51F99CFB600D76E84 /* ShowCell.swift */ = {isa = PBXFileReference; lastKnownFileType = sourcecode.swift; path = ShowCell.swift; sourceTree = "<group>"; };
		1F4EE8E71F9DD9AD00D76E84 /* GreetingCell.swift */ = {isa = PBXFileReference; lastKnownFileType = sourcecode.swift; path = GreetingCell.swift; sourceTree = "<group>"; };
		1F5096F71F6784950008B8C1 /* AttractionCell.swift */ = {isa = PBXFileReference; lastKnownFileType = sourcecode.swift; path = AttractionCell.swift; sourceTree = "<group>"; };
		1F5096F91F67C9A00008B8C1 /* AlamofireImage.framework */ = {isa = PBXFileReference; lastKnownFileType = wrapper.framework; name = AlamofireImage.framework; path = Carthage/Build/iOS/AlamofireImage.framework; sourceTree = "<group>"; };
		1F5BDF001FB070C400D69560 /* AttractionImageCell.swift */ = {isa = PBXFileReference; lastKnownFileType = sourcecode.swift; path = AttractionImageCell.swift; sourceTree = "<group>"; };
		1F5BDF021FB0713000D69560 /* AttractionOtherCell.swift */ = {isa = PBXFileReference; lastKnownFileType = sourcecode.swift; path = AttractionOtherCell.swift; sourceTree = "<group>"; };
		1F6F4DF81FAB241800FCE72A /* ShowImageCell.swift */ = {isa = PBXFileReference; lastKnownFileType = sourcecode.swift; path = ShowImageCell.swift; sourceTree = "<group>"; };
		1F6F4DFA1FAB243100FCE72A /* ShowOtherCell.swift */ = {isa = PBXFileReference; lastKnownFileType = sourcecode.swift; path = ShowOtherCell.swift; sourceTree = "<group>"; };
		1F6F4DFC1FB01B9500FCE72A /* AttractionDetailVC.swift */ = {isa = PBXFileReference; lastKnownFileType = sourcecode.swift; path = AttractionDetailVC.swift; sourceTree = "<group>"; };
		1F719B851F627E230010CD68 /* BaseInfoTagCell.swift */ = {isa = PBXFileReference; lastKnownFileType = sourcecode.swift; path = BaseInfoTagCell.swift; sourceTree = "<group>"; };
		1F719B881F62A10A0010CD68 /* Main.swift */ = {isa = PBXFileReference; lastKnownFileType = sourcecode.swift; path = Main.swift; sourceTree = "<group>"; };
		1F719B8E1F663F680010CD68 /* AttractionVC.swift */ = {isa = PBXFileReference; lastKnownFileType = sourcecode.swift; path = AttractionVC.swift; sourceTree = "<group>"; };
		1F719B901F663F7D0010CD68 /* SettingVC.swift */ = {isa = PBXFileReference; lastKnownFileType = sourcecode.swift; path = SettingVC.swift; sourceTree = "<group>"; };
		1F719B921F663F940010CD68 /* MyPlanVC.swift */ = {isa = PBXFileReference; lastKnownFileType = sourcecode.swift; path = MyPlanVC.swift; sourceTree = "<group>"; };
		1F719B941F663FAD0010CD68 /* SuggestVC.swift */ = {isa = PBXFileReference; lastKnownFileType = sourcecode.swift; path = SuggestVC.swift; sourceTree = "<group>"; };
		1F73B4521F5FE06C006FFABB /* ParkPicker.swift */ = {isa = PBXFileReference; lastKnownFileType = sourcecode.swift; path = ParkPicker.swift; sourceTree = "<group>"; };
		1F76247C1FA9A3AF005F3D4A /* StringExtension.swift */ = {isa = PBXFileReference; lastKnownFileType = sourcecode.swift; path = StringExtension.swift; sourceTree = "<group>"; };
		1F76247E1FA9BFCF005F3D4A /* ShowDetailVC.swift */ = {isa = PBXFileReference; lastKnownFileType = sourcecode.swift; path = ShowDetailVC.swift; sourceTree = "<group>"; };
		1F7ADA6F1F988CC500178A28 /* GreetingVC.swift */ = {isa = PBXFileReference; lastKnownFileType = sourcecode.swift; path = GreetingVC.swift; sourceTree = "<group>"; };
		1F81E7C01F9F525E0011B6F7 /* RightImageButton.swift */ = {isa = PBXFileReference; lastKnownFileType = sourcecode.swift; path = RightImageButton.swift; sourceTree = "<group>"; };
		1F8D0FAE1F666D66006461D1 /* en */ = {isa = PBXFileReference; lastKnownFileType = text.plist.strings; name = en; path = en.lproj/Main.strings; sourceTree = "<group>"; };
		1F8D0FB01F666D68006461D1 /* zh-Hans */ = {isa = PBXFileReference; lastKnownFileType = text.plist.strings; name = "zh-Hans"; path = "zh-Hans.lproj/Main.strings"; sourceTree = "<group>"; };
		1F8D0FB11F666D69006461D1 /* zh-Hant */ = {isa = PBXFileReference; lastKnownFileType = text.plist.strings; name = "zh-Hant"; path = "zh-Hant.lproj/Main.strings"; sourceTree = "<group>"; };
		1F8D0FB21F666D6A006461D1 /* ja */ = {isa = PBXFileReference; lastKnownFileType = text.plist.strings; name = ja; path = ja.lproj/Main.strings; sourceTree = "<group>"; };
		1F8D0FB61F666F81006461D1 /* en */ = {isa = PBXFileReference; lastKnownFileType = text.plist.strings; name = en; path = en.lproj/Attraction.strings; sourceTree = "<group>"; };
		1F8D0FB81F666F89006461D1 /* zh-Hans */ = {isa = PBXFileReference; lastKnownFileType = text.plist.strings; name = "zh-Hans"; path = "zh-Hans.lproj/Attraction.strings"; sourceTree = "<group>"; };
		1F8D0FB91F666F8F006461D1 /* zh-Hant */ = {isa = PBXFileReference; lastKnownFileType = text.plist.strings; name = "zh-Hant"; path = "zh-Hant.lproj/Attraction.strings"; sourceTree = "<group>"; };
		1F8D0FBA1F666F90006461D1 /* ja */ = {isa = PBXFileReference; lastKnownFileType = text.plist.strings; name = ja; path = ja.lproj/Attraction.strings; sourceTree = "<group>"; };
		1F8D0FBB1F66816E006461D1 /* AttractionModel.swift */ = {isa = PBXFileReference; lastKnownFileType = sourcecode.swift; path = AttractionModel.swift; sourceTree = "<group>"; };
		1F93D64F1F7107D100EFE8D5 /* AttractionColor.swift */ = {isa = PBXFileReference; lastKnownFileType = sourcecode.swift; path = AttractionColor.swift; sourceTree = "<group>"; };
		1F93D6521F721D2200EFE8D5 /* SuggestModel.swift */ = {isa = PBXFileReference; lastKnownFileType = sourcecode.swift; path = SuggestModel.swift; sourceTree = "<group>"; };
		1F93D6541F72694000EFE8D5 /* SuggestCell.swift */ = {isa = PBXFileReference; lastKnownFileType = sourcecode.swift; path = SuggestCell.swift; sourceTree = "<group>"; };
		1F9D175C1F79193E009996A9 /* Preferences.swift */ = {isa = PBXFileReference; lastKnownFileType = sourcecode.swift; path = Preferences.swift; sourceTree = "<group>"; };
		1FA5B80A1F5FF4F500654E04 /* BaseInfoDatePickVC.swift */ = {isa = PBXFileReference; lastKnownFileType = sourcecode.swift; path = BaseInfoDatePickVC.swift; sourceTree = "<group>"; };
		1FA5B80C1F5FF6B400654E04 /* DatePicker.swift */ = {isa = PBXFileReference; lastKnownFileType = sourcecode.swift; path = DatePicker.swift; sourceTree = "<group>"; };
		1FA799971F623ACA003EC3F2 /* API.swift */ = {isa = PBXFileReference; lastKnownFileType = sourcecode.swift; path = API.swift; sourceTree = "<group>"; };
		1FA799991F624A9B003EC3F2 /* BaseInfoModel.swift */ = {isa = PBXFileReference; lastKnownFileType = sourcecode.swift; path = BaseInfoModel.swift; sourceTree = "<group>"; };
		1FA9A644201F04BF00E95F59 /* en */ = {isa = PBXFileReference; lastKnownFileType = text.plist.strings; name = en; path = en.lproj/Setting.strings; sourceTree = "<group>"; };
		1FA9A646201F04C000E95F59 /* zh-Hans */ = {isa = PBXFileReference; lastKnownFileType = text.plist.strings; name = "zh-Hans"; path = "zh-Hans.lproj/Setting.strings"; sourceTree = "<group>"; };
		1FA9A647201F04C400E95F59 /* zh-Hant */ = {isa = PBXFileReference; lastKnownFileType = text.plist.strings; name = "zh-Hant"; path = "zh-Hant.lproj/Setting.strings"; sourceTree = "<group>"; };
		1FA9A648201F04C500E95F59 /* ja */ = {isa = PBXFileReference; lastKnownFileType = text.plist.strings; name = ja; path = ja.lproj/Setting.strings; sourceTree = "<group>"; };
		1FA9A649201F051E00E95F59 /* SettingCell.swift */ = {isa = PBXFileReference; lastKnownFileType = sourcecode.swift; path = SettingCell.swift; sourceTree = "<group>"; };
		1FA9A64B201F101400E95F59 /* SettingAlertVC.swift */ = {isa = PBXFileReference; lastKnownFileType = sourcecode.swift; path = SettingAlertVC.swift; sourceTree = "<group>"; };
		1FA9A64D201F29A900E95F59 /* Base */ = {isa = PBXFileReference; lastKnownFileType = text.plist.strings; name = Base; path = Base.lproj/Setting.strings; sourceTree = "<group>"; };
		1FA9A654201F319E00E95F59 /* CoreData.swift */ = {isa = PBXFileReference; lastKnownFileType = sourcecode.swift; path = CoreData.swift; sourceTree = "<group>"; };
		1FAE3A161F75195F00812C1A /* CreatePlanColor.swift */ = {isa = PBXFileReference; lastKnownFileType = sourcecode.swift; path = CreatePlanColor.swift; sourceTree = "<group>"; };
		1FB151021F5D354200BE4A7D /* disneyNavigationPreview.app */ = {isa = PBXFileReference; explicitFileType = wrapper.application; includeInIndex = 0; path = disneyNavigationPreview.app; sourceTree = BUILT_PRODUCTS_DIR; };
		1FB151051F5D354200BE4A7D /* AppDelegate.swift */ = {isa = PBXFileReference; lastKnownFileType = sourcecode.swift; path = AppDelegate.swift; sourceTree = "<group>"; };
		1FB151071F5D354200BE4A7D /* ViewController.swift */ = {isa = PBXFileReference; lastKnownFileType = sourcecode.swift; path = ViewController.swift; sourceTree = "<group>"; };
		1FB1510D1F5D354200BE4A7D /* disneyNavigationPreview.xcdatamodel */ = {isa = PBXFileReference; lastKnownFileType = wrapper.xcdatamodel; path = disneyNavigationPreview.xcdatamodel; sourceTree = "<group>"; };
		1FB1510F1F5D354200BE4A7D /* Assets.xcassets */ = {isa = PBXFileReference; lastKnownFileType = folder.assetcatalog; path = Assets.xcassets; sourceTree = "<group>"; };
		1FB151121F5D354200BE4A7D /* Base */ = {isa = PBXFileReference; lastKnownFileType = file.storyboard; name = Base; path = Base.lproj/LaunchScreen.storyboard; sourceTree = "<group>"; };
		1FB151141F5D354200BE4A7D /* Info.plist */ = {isa = PBXFileReference; lastKnownFileType = text.plist.xml; path = Info.plist; sourceTree = "<group>"; };
		1FB1511C1F5D3CDE00BE4A7D /* Cartfile */ = {isa = PBXFileReference; lastKnownFileType = text; path = Cartfile; sourceTree = "<group>"; };
		1FB1511F1F5D479300BE4A7D /* Alamofire.framework */ = {isa = PBXFileReference; lastKnownFileType = wrapper.framework; name = Alamofire.framework; path = Carthage/Build/iOS/Alamofire.framework; sourceTree = "<group>"; };
		1FB151201F5D479300BE4A7D /* RxSwift.framework */ = {isa = PBXFileReference; lastKnownFileType = wrapper.framework; name = RxSwift.framework; path = Carthage/Build/iOS/RxSwift.framework; sourceTree = "<group>"; };
		1FB151211F5D479300BE4A7D /* RxCocoa.framework */ = {isa = PBXFileReference; lastKnownFileType = wrapper.framework; name = RxCocoa.framework; path = Carthage/Build/iOS/RxCocoa.framework; sourceTree = "<group>"; };
		1FB151221F5D479300BE4A7D /* RxBlocking.framework */ = {isa = PBXFileReference; lastKnownFileType = wrapper.framework; name = RxBlocking.framework; path = Carthage/Build/iOS/RxBlocking.framework; sourceTree = "<group>"; };
		1FB151281F5D4B3600BE4A7D /* .swiftlint.yml */ = {isa = PBXFileReference; lastKnownFileType = text; path = .swiftlint.yml; sourceTree = "<group>"; };
		1FB4DF111F791ABA00198401 /* CreatePlanMainCell.swift */ = {isa = PBXFileReference; lastKnownFileType = sourcecode.swift; path = CreatePlanMainCell.swift; sourceTree = "<group>"; };
		1FBB522A1F74BFDA006EDC55 /* CreatePlanCategory.swift */ = {isa = PBXFileReference; lastKnownFileType = sourcecode.swift; path = CreatePlanCategory.swift; sourceTree = "<group>"; };
		1FBB522C1F74C162006EDC55 /* CreatePlanCategoryCell.swift */ = {isa = PBXFileReference; lastKnownFileType = sourcecode.swift; path = CreatePlanCategoryCell.swift; sourceTree = "<group>"; };
		1FBB52311F74E444006EDC55 /* en */ = {isa = PBXFileReference; lastKnownFileType = text.plist.strings; name = en; path = en.lproj/CreatePlan.strings; sourceTree = "<group>"; };
		1FBB52331F74E445006EDC55 /* zh-Hans */ = {isa = PBXFileReference; lastKnownFileType = text.plist.strings; name = "zh-Hans"; path = "zh-Hans.lproj/CreatePlan.strings"; sourceTree = "<group>"; };
		1FBB52341F74E446006EDC55 /* zh-Hant */ = {isa = PBXFileReference; lastKnownFileType = text.plist.strings; name = "zh-Hant"; path = "zh-Hant.lproj/CreatePlan.strings"; sourceTree = "<group>"; };
		1FBB52351F74E447006EDC55 /* ja */ = {isa = PBXFileReference; lastKnownFileType = text.plist.strings; name = ja; path = ja.lproj/CreatePlan.strings; sourceTree = "<group>"; };
		1FBB52361F74EC5C006EDC55 /* CreatePlanAttractionsHot.swift */ = {isa = PBXFileReference; lastKnownFileType = sourcecode.swift; path = CreatePlanAttractionsHot.swift; sourceTree = "<group>"; };
		1FBB52381F74EEEB006EDC55 /* CreatePlanModel.swift */ = {isa = PBXFileReference; lastKnownFileType = sourcecode.swift; path = CreatePlanModel.swift; sourceTree = "<group>"; };
		1FBB523A1F74F49B006EDC55 /* CreatePlanAttractionsHotCell.swift */ = {isa = PBXFileReference; lastKnownFileType = sourcecode.swift; path = CreatePlanAttractionsHotCell.swift; sourceTree = "<group>"; };
		1FBB523C1F750916006EDC55 /* RoundedCornerImageView.swift */ = {isa = PBXFileReference; lastKnownFileType = sourcecode.swift; path = RoundedCornerImageView.swift; sourceTree = "<group>"; };
		1FC350A81FB2A99200AE8A6C /* AttractionChartCell.swift */ = {isa = PBXFileReference; lastKnownFileType = sourcecode.swift; path = AttractionChartCell.swift; sourceTree = "<group>"; };
		1FC350AA1FB3029800AE8A6C /* WaitTimeChart.swift */ = {isa = PBXFileReference; lastKnownFileType = sourcecode.swift; path = WaitTimeChart.swift; sourceTree = "<group>"; };
		1FC350AF1FB3341100AE8A6C /* TimeLineLayout.swift */ = {isa = PBXFileReference; lastKnownFileType = sourcecode.swift; path = TimeLineLayout.swift; sourceTree = "<group>"; };
		1FE064B720453B2600BCD945 /* ShowScheduleDatePickerVC.swift */ = {isa = PBXFileReference; lastKnownFileType = sourcecode.swift; path = ShowScheduleDatePickerVC.swift; sourceTree = "<group>"; };
		1FE064BC20454FE700BCD945 /* en */ = {isa = PBXFileReference; lastKnownFileType = text.plist.strings; name = en; path = en.lproj/Hot.strings; sourceTree = "<group>"; };
		1FE064BE20454FE900BCD945 /* zh-Hans */ = {isa = PBXFileReference; lastKnownFileType = text.plist.strings; name = "zh-Hans"; path = "zh-Hans.lproj/Hot.strings"; sourceTree = "<group>"; };
		1FE064BF20454FEA00BCD945 /* zh-Hant */ = {isa = PBXFileReference; lastKnownFileType = text.plist.strings; name = "zh-Hant"; path = "zh-Hant.lproj/Hot.strings"; sourceTree = "<group>"; };
		1FE064C020454FEB00BCD945 /* ja */ = {isa = PBXFileReference; lastKnownFileType = text.plist.strings; name = ja; path = ja.lproj/Hot.strings; sourceTree = "<group>"; };
		1FE064C120454FEF00BCD945 /* Base */ = {isa = PBXFileReference; lastKnownFileType = text.plist.strings; name = Base; path = Base.lproj/Hot.strings; sourceTree = "<group>"; };
		1FF532901F9EF89F00E44B81 /* AttractionEmptyPageVC.swift */ = {isa = PBXFileReference; lastKnownFileType = sourcecode.swift; path = AttractionEmptyPageVC.swift; sourceTree = "<group>"; };
		1FFA850E20118C5300D0F963 /* ImageAccess.swift */ = {isa = PBXFileReference; lastKnownFileType = sourcecode.swift; path = ImageAccess.swift; sourceTree = "<group>"; };
		1FFA85102011C58700D0F963 /* DisneyOverlay.swift */ = {isa = PBXFileReference; lastKnownFileType = sourcecode.swift; path = DisneyOverlay.swift; sourceTree = "<group>"; };
		1FFA85122011C5C600D0F963 /* tiles */ = {isa = PBXFileReference; lastKnownFileType = folder; path = tiles; sourceTree = "<group>"; };
		1FFA85142011E0EB00D0F963 /* ShowScheduleVC.swift */ = {isa = PBXFileReference; lastKnownFileType = sourcecode.swift; path = ShowScheduleVC.swift; sourceTree = "<group>"; };
		1FFA85172011F3AD00D0F963 /* HotVC.swift */ = {isa = PBXFileReference; lastKnownFileType = sourcecode.swift; path = HotVC.swift; sourceTree = "<group>"; };
		1FFA85192011FCFA00D0F963 /* HotCell.swift */ = {isa = PBXFileReference; lastKnownFileType = sourcecode.swift; path = HotCell.swift; sourceTree = "<group>"; };
		1FFBD63C2020552E004AEFD5 /* UserNotification.swift */ = {isa = PBXFileReference; lastKnownFileType = sourcecode.swift; path = UserNotification.swift; sourceTree = "<group>"; };
		1FFBD65F20215FED004AEFD5 /* en */ = {isa = PBXFileReference; lastKnownFileType = text.plist.strings; name = en; path = en.lproj/Notification.strings; sourceTree = "<group>"; };
		1FFBD66120215FF1004AEFD5 /* zh-Hans */ = {isa = PBXFileReference; lastKnownFileType = text.plist.strings; name = "zh-Hans"; path = "zh-Hans.lproj/Notification.strings"; sourceTree = "<group>"; };
		1FFBD66220215FF4004AEFD5 /* zh-Hant */ = {isa = PBXFileReference; lastKnownFileType = text.plist.strings; name = "zh-Hant"; path = "zh-Hant.lproj/Notification.strings"; sourceTree = "<group>"; };
		1FFBD66320215FF6004AEFD5 /* ja */ = {isa = PBXFileReference; lastKnownFileType = text.plist.strings; name = ja; path = ja.lproj/Notification.strings; sourceTree = "<group>"; };
		1FFBD66420215FFB004AEFD5 /* Base */ = {isa = PBXFileReference; lastKnownFileType = text.plist.strings; name = Base; path = Base.lproj/Notification.strings; sourceTree = "<group>"; };
/* End PBXFileReference section */

/* Begin PBXFrameworksBuildPhase section */
		1FB150FF1F5D354200BE4A7D /* Frameworks */ = {
			isa = PBXFrameworksBuildPhase;
			buildActionMask = 2147483647;
			files = (
				1FB151231F5D479300BE4A7D /* Alamofire.framework in Frameworks */,
				1F5096FA1F67C9A00008B8C1 /* AlamofireImage.framework in Frameworks */,
				1FB151261F5D479300BE4A7D /* RxBlocking.framework in Frameworks */,
				1FB151251F5D479300BE4A7D /* RxCocoa.framework in Frameworks */,
				1FB151241F5D479300BE4A7D /* RxSwift.framework in Frameworks */,
			);
			runOnlyForDeploymentPostprocessing = 0;
		};
/* End PBXFrameworksBuildPhase section */

/* Begin PBXGroup section */
		1F0D7BEC1F5E75AC006AC4DB /* BaseInfo */ = {
			isa = PBXGroup;
			children = (
				1FA799991F624A9B003EC3F2 /* BaseInfoModel.swift */,
				1F0D7BEF1F5E76CA006AC4DB /* BaseInfoNavigationController.swift */,
				1F0D7BED1F5E7675006AC4DB /* BaseInfoViewController.swift */,
				1F0D7BF41F5E801B006AC4DB /* BaseInfoEssentialCell.swift */,
				1F719B851F627E230010CD68 /* BaseInfoTagCell.swift */,
				1F0D7C111F5FA85F006AC4DB /* BaseInfoParkPickVC.swift */,
				1F0D7C131F5FCBF4006AC4DB /* BaseInfoColor.swift */,
				1F73B4521F5FE06C006FFABB /* ParkPicker.swift */,
				1FA5B80A1F5FF4F500654E04 /* BaseInfoDatePickVC.swift */,
				1FA5B80C1F5FF6B400654E04 /* DatePicker.swift */,
			);
			path = BaseInfo;
			sourceTree = "<group>";
		};
		1F0D7BF11F5E7B24006AC4DB /* Utils */ = {
			isa = PBXGroup;
			children = (
				1FA799971F623ACA003EC3F2 /* API.swift */,
				1F24BE061FB53FE5004C94E7 /* ArrayExtension.swift */,
				1F0D7BF81F5E877E006AC4DB /* BaseModel.swift */,
				1F0D7BF21F5E7B47006AC4DB /* ColorExtension.swift */,
				1F4606241F60E73A00F8CC96 /* DateExtension.swift */,
				1FFA850E20118C5300D0F963 /* ImageAccess.swift */,
				1F0D7BF61F5E807A006AC4DB /* Localize.swift */,
				1F9D175C1F79193E009996A9 /* Preferences.swift */,
				1FBB523C1F750916006EDC55 /* RoundedCornerImageView.swift */,
				1F76247C1FA9A3AF005F3D4A /* StringExtension.swift */,
				1F4B2E0C202C25DF00461507 /* UserDefault.swift */,
				1F111C141F6BB2B4002D2FB6 /* UIViewControllerExtension.swift */,
				1FFBD63C2020552E004AEFD5 /* UserNotification.swift */,
			);
			path = Utils;
			sourceTree = "<group>";
		};
		1F24BE081FB59DE2004C94E7 /* Map */ = {
			isa = PBXGroup;
			children = (
				1F24BE0B1FB59E23004C94E7 /* MapVC.swift */,
				1F4B2E08202B2A8B00461507 /* MapFilterPicker.swift */,
				1F4B2DDD20297AAA00461507 /* AttractionAnnotation.swift */,
				1FFA85102011C58700D0F963 /* DisneyOverlay.swift */,
			);
			path = Map;
			sourceTree = "<group>";
		};
		1F2E56CF1F98821B00B10912 /* Show */ = {
			isa = PBXGroup;
			children = (
				1F2E56D01F98823800B10912 /* ShowVC.swift */,
				1F4EE8E51F99CFB600D76E84 /* ShowCell.swift */,
				1F76247E1FA9BFCF005F3D4A /* ShowDetailVC.swift */,
				1F6F4DF81FAB241800FCE72A /* ShowImageCell.swift */,
				1F6F4DFA1FAB243100FCE72A /* ShowOtherCell.swift */,
			);
			path = Show;
			sourceTree = "<group>";
		};
		1F3436D41F73790B00F05EF7 /* CreatePlan */ = {
			isa = PBXGroup;
			children = (
				1FBB52381F74EEEB006EDC55 /* CreatePlanModel.swift */,
				1FAE3A161F75195F00812C1A /* CreatePlanColor.swift */,
				1F3436D51F73794800F05EF7 /* CreatePlanTimeAndPark.swift */,
				1F3436D71F7394C400F05EF7 /* CreatePlanMain.swift */,
				1FB4DF111F791ABA00198401 /* CreatePlanMainCell.swift */,
				1FBB522A1F74BFDA006EDC55 /* CreatePlanCategory.swift */,
				1FBB522C1F74C162006EDC55 /* CreatePlanCategoryCell.swift */,
				1FBB52361F74EC5C006EDC55 /* CreatePlanAttractionsHot.swift */,
				1FBB523A1F74F49B006EDC55 /* CreatePlanAttractionsHotCell.swift */,
			);
			path = CreatePlan;
			sourceTree = "<group>";
		};
		1F719B871F62A0F00010CD68 /* Main */ = {
			isa = PBXGroup;
			children = (
				1F719B881F62A10A0010CD68 /* Main.swift */,
			);
			path = Main;
			sourceTree = "<group>";
		};
		1F719B8A1F663E920010CD68 /* Suggest */ = {
			isa = PBXGroup;
			children = (
				1F3436D41F73790B00F05EF7 /* CreatePlan */,
				1F719B941F663FAD0010CD68 /* SuggestVC.swift */,
				1F93D6541F72694000EFE8D5 /* SuggestCell.swift */,
				1F3436D21F736B0F00F05EF7 /* SuggestColor.swift */,
				1F93D6521F721D2200EFE8D5 /* SuggestModel.swift */,
			);
			path = Suggest;
			sourceTree = "<group>";
		};
		1F719B8B1F663EA40010CD68 /* MyPlan */ = {
			isa = PBXGroup;
			children = (
				1F719B921F663F940010CD68 /* MyPlanVC.swift */,
			);
			path = MyPlan;
			sourceTree = "<group>";
		};
		1F719B8C1F663EB80010CD68 /* Setting */ = {
			isa = PBXGroup;
			children = (
				1F719B901F663F7D0010CD68 /* SettingVC.swift */,
				1FA9A649201F051E00E95F59 /* SettingCell.swift */,
				1FA9A64B201F101400E95F59 /* SettingAlertVC.swift */,
				1F4B2E0A202C24E800461507 /* SettingAlertAdvanceVC.swift */,
				1F018F972022EF510010BEDB /* SettingAlertCell.swift */,
			);
			path = Setting;
			sourceTree = "<group>";
		};
		1F719B8D1F663EC10010CD68 /* Attraction */ = {
			isa = PBXGroup;
			children = (
				1F8D0FBB1F66816E006461D1 /* AttractionModel.swift */,
				1F2E56D21F988AC200B10912 /* AttractionPageVC.swift */,
				1FF532901F9EF89F00E44B81 /* AttractionEmptyPageVC.swift */,
				1F719B8E1F663F680010CD68 /* AttractionVC.swift */,
				1F5096F71F6784950008B8C1 /* AttractionCell.swift */,
				1F6F4DFC1FB01B9500FCE72A /* AttractionDetailVC.swift */,
				1F5BDF001FB070C400D69560 /* AttractionImageCell.swift */,
				1FC350A81FB2A99200AE8A6C /* AttractionChartCell.swift */,
				1F5BDF021FB0713000D69560 /* AttractionOtherCell.swift */,
				1FC350AA1FB3029800AE8A6C /* WaitTimeChart.swift */,
				1F93D64F1F7107D100EFE8D5 /* AttractionColor.swift */,
				1F81E7C01F9F525E0011B6F7 /* RightImageButton.swift */,
				1F2D51401FA05B53008F2511 /* AttractionSearchVC.swift */,
			);
			path = Attraction;
			sourceTree = "<group>";
		};
		1F7ADA6E1F988CB300178A28 /* Greeting */ = {
			isa = PBXGroup;
			children = (
				1F7ADA6F1F988CC500178A28 /* GreetingVC.swift */,
				1F4EE8E71F9DD9AD00D76E84 /* GreetingCell.swift */,
				1F4E36881FA1B51900899F0F /* GreetingDetailVC.swift */,
				1F1719CA1FA6CB770064C2FD /* GreetingImageCell.swift */,
				1F1719CC1FA816B40064C2FD /* GreetingOtherCell.swift */,
			);
			path = Greeting;
			sourceTree = "<group>";
		};
		1FA9A653201F317B00E95F59 /* CoreData */ = {
			isa = PBXGroup;
			children = (
				1FA9A654201F319E00E95F59 /* CoreData.swift */,
			);
			path = CoreData;
			sourceTree = "<group>";
		};
		1FB150F91F5D354200BE4A7D = {
			isa = PBXGroup;
			children = (
				1FB151281F5D4B3600BE4A7D /* .swiftlint.yml */,
				1FB1511C1F5D3CDE00BE4A7D /* Cartfile */,
				1FB151041F5D354200BE4A7D /* disneyNavigationPreview */,
				1FB151031F5D354200BE4A7D /* Products */,
				1FB1511E1F5D479300BE4A7D /* Frameworks */,
			);
			sourceTree = "<group>";
		};
		1FB151031F5D354200BE4A7D /* Products */ = {
			isa = PBXGroup;
			children = (
				1FB151021F5D354200BE4A7D /* disneyNavigationPreview.app */,
			);
			name = Products;
			sourceTree = "<group>";
		};
		1FB151041F5D354200BE4A7D /* disneyNavigationPreview */ = {
			isa = PBXGroup;
			children = (
				1FA9A653201F317B00E95F59 /* CoreData */,
				1FFA85122011C5C600D0F963 /* tiles */,
				1F24BE081FB59DE2004C94E7 /* Map */,
				1FC350AC1FB3330300AE8A6C /* Timeline */,
				1F7ADA6E1F988CB300178A28 /* Greeting */,
				1F2E56CF1F98821B00B10912 /* Show */,
				1F719B8D1F663EC10010CD68 /* Attraction */,
				1F719B8C1F663EB80010CD68 /* Setting */,
				1F719B8B1F663EA40010CD68 /* MyPlan */,
				1FFA85162011F3A000D0F963 /* Hot */,
				1F719B8A1F663E920010CD68 /* Suggest */,
				1F0D7BEC1F5E75AC006AC4DB /* BaseInfo */,
				1F719B871F62A0F00010CD68 /* Main */,
				1F0D7BF11F5E7B24006AC4DB /* Utils */,
				1FB151051F5D354200BE4A7D /* AppDelegate.swift */,
				1FB151071F5D354200BE4A7D /* ViewController.swift */,
				1FB1510F1F5D354200BE4A7D /* Assets.xcassets */,
				1FB151111F5D354200BE4A7D /* LaunchScreen.storyboard */,
				1FB151141F5D354200BE4A7D /* Info.plist */,
				1FB1510C1F5D354200BE4A7D /* disneyNavigationPreview.xcdatamodeld */,
				1F0D7BFF1F5E8B8F006AC4DB /* BaseModel.strings */,
				1FE064BD20454FE700BCD945 /* Hot.strings */,
				1F0D7C0D1F5FA343006AC4DB /* BaseInfo.strings */,
				1F8D0FAF1F666D66006461D1 /* Main.strings */,
				1F8D0FB71F666F81006461D1 /* Attraction.strings */,
				1F4B2E03202B28D600461507 /* Map.strings */,
				1FBB52321F74E444006EDC55 /* CreatePlan.strings */,
				1F24BDFC1FB45D28004C94E7 /* Timeline.strings */,
				1FA9A645201F04BF00E95F59 /* Setting.strings */,
				1FFBD66020215FED004AEFD5 /* Notification.strings */,
			);
			path = disneyNavigationPreview;
			sourceTree = "<group>";
		};
		1FB1511E1F5D479300BE4A7D /* Frameworks */ = {
			isa = PBXGroup;
			children = (
				1F5096F91F67C9A00008B8C1 /* AlamofireImage.framework */,
				1FB1511F1F5D479300BE4A7D /* Alamofire.framework */,
				1FB151221F5D479300BE4A7D /* RxBlocking.framework */,
				1FB151211F5D479300BE4A7D /* RxCocoa.framework */,
				1FB151201F5D479300BE4A7D /* RxSwift.framework */,
			);
			name = Frameworks;
			sourceTree = "<group>";
		};
		1FC350AC1FB3330300AE8A6C /* Timeline */ = {
			isa = PBXGroup;
			children = (
				1F24BDF41FB4361F004C94E7 /* TimelineModel.swift */,
				1FFA85142011E0EB00D0F963 /* ShowScheduleVC.swift */,
				1FE064B720453B2600BCD945 /* ShowScheduleDatePickerVC.swift */,
				1F24BDF61FB45481004C94E7 /* TimelineCell.swift */,
				1FC350AF1FB3341100AE8A6C /* TimeLineLayout.swift */,
			);
			path = Timeline;
			sourceTree = "<group>";
		};
		1FFA85162011F3A000D0F963 /* Hot */ = {
			isa = PBXGroup;
			children = (
				1FFA85172011F3AD00D0F963 /* HotVC.swift */,
				1FFA85192011FCFA00D0F963 /* HotCell.swift */,
			);
			path = Hot;
			sourceTree = "<group>";
		};
/* End PBXGroup section */

/* Begin PBXNativeTarget section */
		1FB151011F5D354200BE4A7D /* disneyNavigationPreview */ = {
			isa = PBXNativeTarget;
			buildConfigurationList = 1FB151171F5D354200BE4A7D /* Build configuration list for PBXNativeTarget "disneyNavigationPreview" */;
			buildPhases = (
				1FB150FE1F5D354200BE4A7D /* Sources */,
				1FB150FF1F5D354200BE4A7D /* Frameworks */,
				1FB151001F5D354200BE4A7D /* Resources */,
				1FB151271F5D47C400BE4A7D /* ShellScript */,
			);
			buildRules = (
			);
			dependencies = (
			);
			name = disneyNavigationPreview;
			productName = disneyNavigationPreview;
			productReference = 1FB151021F5D354200BE4A7D /* disneyNavigationPreview.app */;
			productType = "com.apple.product-type.application";
		};
/* End PBXNativeTarget section */

/* Begin PBXProject section */
		1FB150FA1F5D354200BE4A7D /* Project object */ = {
			isa = PBXProject;
			attributes = {
				LastSwiftUpdateCheck = 0900;
				LastUpgradeCheck = 0900;
				ORGANIZATIONNAME = ebuser;
				TargetAttributes = {
					1FB151011F5D354200BE4A7D = {
						CreatedOnToolsVersion = 9.0;
						ProvisioningStyle = Automatic;
					};
				};
			};
			buildConfigurationList = 1FB150FD1F5D354200BE4A7D /* Build configuration list for PBXProject "disneyNavigationPreview" */;
			compatibilityVersion = "Xcode 8.0";
			developmentRegion = en;
			hasScannedForEncodings = 0;
			knownRegions = (
				en,
				Base,
				"zh-Hans",
				"zh-Hant",
				ja,
			);
			mainGroup = 1FB150F91F5D354200BE4A7D;
			productRefGroup = 1FB151031F5D354200BE4A7D /* Products */;
			projectDirPath = "";
			projectRoot = "";
			targets = (
				1FB151011F5D354200BE4A7D /* disneyNavigationPreview */,
			);
		};
/* End PBXProject section */

/* Begin PBXResourcesBuildPhase section */
		1FB151001F5D354200BE4A7D /* Resources */ = {
			isa = PBXResourcesBuildPhase;
			buildActionMask = 2147483647;
			files = (
				1FE064BB20454FE700BCD945 /* Hot.strings in Resources */,
				1FFA85132011C5C700D0F963 /* tiles in Resources */,
				1FA9A643201F04BF00E95F59 /* Setting.strings in Resources */,
				1F0D7BFD1F5E8B8F006AC4DB /* BaseModel.strings in Resources */,
				1FB151291F5D4B3600BE4A7D /* .swiftlint.yml in Resources */,
				1FB151131F5D354200BE4A7D /* LaunchScreen.storyboard in Resources */,
				1F24BDFA1FB45D28004C94E7 /* Timeline.strings in Resources */,
				1F8D0FB51F666F81006461D1 /* Attraction.strings in Resources */,
				1F0D7C0B1F5FA343006AC4DB /* BaseInfo.strings in Resources */,
				1F8D0FAD1F666D66006461D1 /* Main.strings in Resources */,
				1FBB52301F74E444006EDC55 /* CreatePlan.strings in Resources */,
				1FB151101F5D354200BE4A7D /* Assets.xcassets in Resources */,
				1F4B2E01202B28D600461507 /* Map.strings in Resources */,
				1FB1511D1F5D3CDE00BE4A7D /* Cartfile in Resources */,
				1FFBD65E20215FED004AEFD5 /* Notification.strings in Resources */,
			);
			runOnlyForDeploymentPostprocessing = 0;
		};
/* End PBXResourcesBuildPhase section */

/* Begin PBXShellScriptBuildPhase section */
		1FB151271F5D47C400BE4A7D /* ShellScript */ = {
			isa = PBXShellScriptBuildPhase;
			buildActionMask = 2147483647;
			files = (
			);
			inputPaths = (
				"$(SRCROOT)/Carthage/Build/iOS/Alamofire.framework",
				"$(SRCROOT)/Carthage/Build/iOS/RxBlocking.framework",
				"$(SRCROOT)/Carthage/Build/iOS/RxCocoa.framework",
				"$(SRCROOT)/Carthage/Build/iOS/RxSwift.framework",
				"$(SRCROOT)/Carthage/Build/iOS/AlamofireImage.framework",
			);
			outputPaths = (
			);
			runOnlyForDeploymentPostprocessing = 0;
			shellPath = /bin/sh;
			shellScript = "if which swiftlint >/dev/null; then\n    swiftlint\nelse\n    echo \"warning: SwiftLint not installed, download from https://github.com/realm/SwiftLint\"\nfi\n\n/usr/local/bin/carthage copy-frameworks";
		};
/* End PBXShellScriptBuildPhase section */

/* Begin PBXSourcesBuildPhase section */
		1FB150FE1F5D354200BE4A7D /* Sources */ = {
			isa = PBXSourcesBuildPhase;
			buildActionMask = 2147483647;
			files = (
				1F4B2DDE20297AAA00461507 /* AttractionAnnotation.swift in Sources */,
				1F93D6501F7107D100EFE8D5 /* AttractionColor.swift in Sources */,
				1FBB52371F74EC5C006EDC55 /* CreatePlanAttractionsHot.swift in Sources */,
				1F0D7C121F5FA85F006AC4DB /* BaseInfoParkPickVC.swift in Sources */,
				1F719B911F663F7E0010CD68 /* SettingVC.swift in Sources */,
				1F4EE8E61F99CFB600D76E84 /* ShowCell.swift in Sources */,
				1F2E56D11F98823800B10912 /* ShowVC.swift in Sources */,
				1F8D0FBC1F66816E006461D1 /* AttractionModel.swift in Sources */,
				1F018F982022EF510010BEDB /* SettingAlertCell.swift in Sources */,
				1F9D175D1F79193E009996A9 /* Preferences.swift in Sources */,
				1F4606251F60E73A00F8CC96 /* DateExtension.swift in Sources */,
				1F93D6531F721D2200EFE8D5 /* SuggestModel.swift in Sources */,
				1FA5B80D1F5FF6B400654E04 /* DatePicker.swift in Sources */,
				1F2E56D31F988AC200B10912 /* AttractionPageVC.swift in Sources */,
				1FE064B820453B2600BCD945 /* ShowScheduleDatePickerVC.swift in Sources */,
				1F719B8F1F663F680010CD68 /* AttractionVC.swift in Sources */,
				1F0D7BF91F5E877E006AC4DB /* BaseModel.swift in Sources */,
				1FB1510E1F5D354200BE4A7D /* disneyNavigationPreview.xcdatamodeld in Sources */,
				1F73B4531F5FE06C006FFABB /* ParkPicker.swift in Sources */,
				1F3436D61F73794800F05EF7 /* CreatePlanTimeAndPark.swift in Sources */,
				1F24BDF71FB45481004C94E7 /* TimelineCell.swift in Sources */,
				1FC350B01FB3341100AE8A6C /* TimeLineLayout.swift in Sources */,
				1F4EE8E81F9DD9AD00D76E84 /* GreetingCell.swift in Sources */,
				1F0D7BF01F5E76CA006AC4DB /* BaseInfoNavigationController.swift in Sources */,
				1F24BE071FB53FE5004C94E7 /* ArrayExtension.swift in Sources */,
				1FFA85182011F3AD00D0F963 /* HotVC.swift in Sources */,
				1FFA85152011E0EB00D0F963 /* ShowScheduleVC.swift in Sources */,
				1FC350AB1FB3029800AE8A6C /* WaitTimeChart.swift in Sources */,
				1F4B2E0B202C24E800461507 /* SettingAlertAdvanceVC.swift in Sources */,
				1F24BDF51FB4361F004C94E7 /* TimelineModel.swift in Sources */,
				1FA9A64A201F051E00E95F59 /* SettingCell.swift in Sources */,
				1FF532911F9EF89F00E44B81 /* AttractionEmptyPageVC.swift in Sources */,
				1F5096F81F6784950008B8C1 /* AttractionCell.swift in Sources */,
				1F4B2E0D202C25DF00461507 /* UserDefault.swift in Sources */,
				1F3436D31F736B0F00F05EF7 /* SuggestColor.swift in Sources */,
				1FBB522D1F74C162006EDC55 /* CreatePlanCategoryCell.swift in Sources */,
				1F0D7BEE1F5E7675006AC4DB /* BaseInfoViewController.swift in Sources */,
				1FFBD63D2020552E004AEFD5 /* UserNotification.swift in Sources */,
				1F1719CD1FA816B40064C2FD /* GreetingOtherCell.swift in Sources */,
				1F0D7BF31F5E7B47006AC4DB /* ColorExtension.swift in Sources */,
				1F4E36891FA1B51900899F0F /* GreetingDetailVC.swift in Sources */,
				1FFA850F20118C5300D0F963 /* ImageAccess.swift in Sources */,
				1F81E7C11F9F525E0011B6F7 /* RightImageButton.swift in Sources */,
				1F7ADA701F988CC500178A28 /* GreetingVC.swift in Sources */,
				1FAE3A171F75195F00812C1A /* CreatePlanColor.swift in Sources */,
				1F5BDF031FB0713000D69560 /* AttractionOtherCell.swift in Sources */,
				1F111C151F6BB2B4002D2FB6 /* UIViewControllerExtension.swift in Sources */,
				1FB4DF121F791ABA00198401 /* CreatePlanMainCell.swift in Sources */,
				1F3436D81F7394C400F05EF7 /* CreatePlanMain.swift in Sources */,
				1F76247F1FA9BFCF005F3D4A /* ShowDetailVC.swift in Sources */,
				1F24BE0C1FB59E23004C94E7 /* MapVC.swift in Sources */,
				1FA7999A1F624A9B003EC3F2 /* BaseInfoModel.swift in Sources */,
				1F4B2E09202B2A8B00461507 /* MapFilterPicker.swift in Sources */,
				1F6F4DF91FAB241800FCE72A /* ShowImageCell.swift in Sources */,
				1F0D7BF71F5E807A006AC4DB /* Localize.swift in Sources */,
				1FB151081F5D354200BE4A7D /* ViewController.swift in Sources */,
				1F2D51411FA05B53008F2511 /* AttractionSearchVC.swift in Sources */,
				1F719B891F62A10A0010CD68 /* Main.swift in Sources */,
				1FFA851A2011FCFA00D0F963 /* HotCell.swift in Sources */,
				1F5BDF011FB070C400D69560 /* AttractionImageCell.swift in Sources */,
				1FBB52391F74EEEB006EDC55 /* CreatePlanModel.swift in Sources */,
				1FC350A91FB2A99200AE8A6C /* AttractionChartCell.swift in Sources */,
				1F6F4DFD1FB01B9500FCE72A /* AttractionDetailVC.swift in Sources */,
				1FA9A64C201F101400E95F59 /* SettingAlertVC.swift in Sources */,
				1F0D7BF51F5E801B006AC4DB /* BaseInfoEssentialCell.swift in Sources */,
				1F76247D1FA9A3AF005F3D4A /* StringExtension.swift in Sources */,
				1FB151061F5D354200BE4A7D /* AppDelegate.swift in Sources */,
				1FFA85112011C58700D0F963 /* DisneyOverlay.swift in Sources */,
				1F1719CB1FA6CB770064C2FD /* GreetingImageCell.swift in Sources */,
				1FBB522B1F74BFDA006EDC55 /* CreatePlanCategory.swift in Sources */,
				1F0D7C141F5FCBF4006AC4DB /* BaseInfoColor.swift in Sources */,
				1FA9A655201F319E00E95F59 /* CoreData.swift in Sources */,
				1FA799981F623ACA003EC3F2 /* API.swift in Sources */,
				1F719B931F663F940010CD68 /* MyPlanVC.swift in Sources */,
				1F6F4DFB1FAB243200FCE72A /* ShowOtherCell.swift in Sources */,
				1F93D6551F72694000EFE8D5 /* SuggestCell.swift in Sources */,
				1FA5B80B1F5FF4F500654E04 /* BaseInfoDatePickVC.swift in Sources */,
				1F719B951F663FAD0010CD68 /* SuggestVC.swift in Sources */,
				1F719B861F627E230010CD68 /* BaseInfoTagCell.swift in Sources */,
				1FBB523D1F750916006EDC55 /* RoundedCornerImageView.swift in Sources */,
				1FBB523B1F74F49B006EDC55 /* CreatePlanAttractionsHotCell.swift in Sources */,
			);
			runOnlyForDeploymentPostprocessing = 0;
		};
/* End PBXSourcesBuildPhase section */

/* Begin PBXVariantGroup section */
		1F0D7BFF1F5E8B8F006AC4DB /* BaseModel.strings */ = {
			isa = PBXVariantGroup;
			children = (
				1F0D7BFE1F5E8B8F006AC4DB /* en */,
				1F0D7C031F5E8C7C006AC4DB /* zh-Hans */,
				1F0D7C051F5E8C82006AC4DB /* zh-Hant */,
				1F0D7C071F5E8C86006AC4DB /* ja */,
				1F24BE001FB45D44004C94E7 /* Base */,
			);
			name = BaseModel.strings;
			sourceTree = "<group>";
		};
		1F0D7C0D1F5FA343006AC4DB /* BaseInfo.strings */ = {
			isa = PBXVariantGroup;
			children = (
				1F0D7C0C1F5FA343006AC4DB /* en */,
				1F0D7C0E1F5FA34D006AC4DB /* zh-Hans */,
				1F0D7C0F1F5FA34F006AC4DB /* zh-Hant */,
				1F0D7C101F5FA350006AC4DB /* ja */,
				1F24BE011FB45D48004C94E7 /* Base */,
			);
			name = BaseInfo.strings;
			sourceTree = "<group>";
		};
		1F24BDFC1FB45D28004C94E7 /* Timeline.strings */ = {
			isa = PBXVariantGroup;
			children = (
				1F24BDFB1FB45D28004C94E7 /* en */,
				1F24BDFD1FB45D2A004C94E7 /* zh-Hans */,
				1F24BDFE1FB45D2E004C94E7 /* zh-Hant */,
				1F24BDFF1FB45D2E004C94E7 /* ja */,
				1F24BE051FB45D52004C94E7 /* Base */,
			);
			name = Timeline.strings;
			sourceTree = "<group>";
		};
		1F4B2E03202B28D600461507 /* Map.strings */ = {
			isa = PBXVariantGroup;
			children = (
				1F4B2E02202B28D600461507 /* en */,
				1F4B2E04202B28D800461507 /* zh-Hans */,
				1F4B2E05202B28D900461507 /* zh-Hant */,
				1F4B2E06202B28DA00461507 /* ja */,
				1F4B2E07202B28DF00461507 /* Base */,
			);
			name = Map.strings;
			sourceTree = "<group>";
		};
		1F8D0FAF1F666D66006461D1 /* Main.strings */ = {
			isa = PBXVariantGroup;
			children = (
				1F8D0FAE1F666D66006461D1 /* en */,
				1F8D0FB01F666D68006461D1 /* zh-Hans */,
				1F8D0FB11F666D69006461D1 /* zh-Hant */,
				1F8D0FB21F666D6A006461D1 /* ja */,
				1F24BE021FB45D4A004C94E7 /* Base */,
			);
			name = Main.strings;
			sourceTree = "<group>";
		};
		1F8D0FB71F666F81006461D1 /* Attraction.strings */ = {
			isa = PBXVariantGroup;
			children = (
				1F8D0FB61F666F81006461D1 /* en */,
				1F8D0FB81F666F89006461D1 /* zh-Hans */,
				1F8D0FB91F666F8F006461D1 /* zh-Hant */,
				1F8D0FBA1F666F90006461D1 /* ja */,
				1F24BE031FB45D4D004C94E7 /* Base */,
			);
			name = Attraction.strings;
			sourceTree = "<group>";
		};
		1FA9A645201F04BF00E95F59 /* Setting.strings */ = {
			isa = PBXVariantGroup;
			children = (
				1FA9A644201F04BF00E95F59 /* en */,
				1FA9A646201F04C000E95F59 /* zh-Hans */,
				1FA9A647201F04C400E95F59 /* zh-Hant */,
				1FA9A648201F04C500E95F59 /* ja */,
				1FA9A64D201F29A900E95F59 /* Base */,
			);
			name = Setting.strings;
			sourceTree = "<group>";
		};
		1FB151111F5D354200BE4A7D /* LaunchScreen.storyboard */ = {
			isa = PBXVariantGroup;
			children = (
				1FB151121F5D354200BE4A7D /* Base */,
			);
			name = LaunchScreen.storyboard;
			sourceTree = "<group>";
		};
		1FBB52321F74E444006EDC55 /* CreatePlan.strings */ = {
			isa = PBXVariantGroup;
			children = (
				1FBB52311F74E444006EDC55 /* en */,
				1FBB52331F74E445006EDC55 /* zh-Hans */,
				1FBB52341F74E446006EDC55 /* zh-Hant */,
				1FBB52351F74E447006EDC55 /* ja */,
				1F24BE041FB45D4F004C94E7 /* Base */,
			);
			name = CreatePlan.strings;
			sourceTree = "<group>";
		};
		1FE064BD20454FE700BCD945 /* Hot.strings */ = {
			isa = PBXVariantGroup;
			children = (
				1FE064BC20454FE700BCD945 /* en */,
				1FE064BE20454FE900BCD945 /* zh-Hans */,
				1FE064BF20454FEA00BCD945 /* zh-Hant */,
				1FE064C020454FEB00BCD945 /* ja */,
				1FE064C120454FEF00BCD945 /* Base */,
			);
			name = Hot.strings;
			sourceTree = "<group>";
		};
		1FFBD66020215FED004AEFD5 /* Notification.strings */ = {
			isa = PBXVariantGroup;
			children = (
				1FFBD65F20215FED004AEFD5 /* en */,
				1FFBD66120215FF1004AEFD5 /* zh-Hans */,
				1FFBD66220215FF4004AEFD5 /* zh-Hant */,
				1FFBD66320215FF6004AEFD5 /* ja */,
				1FFBD66420215FFB004AEFD5 /* Base */,
			);
			name = Notification.strings;
			sourceTree = "<group>";
		};
/* End PBXVariantGroup section */

/* Begin XCBuildConfiguration section */
		1FB151151F5D354200BE4A7D /* Debug */ = {
			isa = XCBuildConfiguration;
			buildSettings = {
				ALWAYS_SEARCH_USER_PATHS = NO;
				CLANG_ANALYZER_LOCALIZABILITY_NONLOCALIZED = YES;
				CLANG_ANALYZER_NONNULL = YES;
				CLANG_ANALYZER_NUMBER_OBJECT_CONVERSION = YES_AGGRESSIVE;
				CLANG_CXX_LANGUAGE_STANDARD = "gnu++14";
				CLANG_CXX_LIBRARY = "libc++";
				CLANG_ENABLE_MODULES = YES;
				CLANG_ENABLE_OBJC_ARC = YES;
				CLANG_WARN_BLOCK_CAPTURE_AUTORELEASING = YES;
				CLANG_WARN_BOOL_CONVERSION = YES;
				CLANG_WARN_COMMA = YES;
				CLANG_WARN_CONSTANT_CONVERSION = YES;
				CLANG_WARN_DIRECT_OBJC_ISA_USAGE = YES_ERROR;
				CLANG_WARN_DOCUMENTATION_COMMENTS = YES;
				CLANG_WARN_EMPTY_BODY = YES;
				CLANG_WARN_ENUM_CONVERSION = YES;
				CLANG_WARN_INFINITE_RECURSION = YES;
				CLANG_WARN_INT_CONVERSION = YES;
				CLANG_WARN_NON_LITERAL_NULL_CONVERSION = YES;
				CLANG_WARN_OBJC_LITERAL_CONVERSION = YES;
				CLANG_WARN_OBJC_ROOT_CLASS = YES_ERROR;
				CLANG_WARN_RANGE_LOOP_ANALYSIS = YES;
				CLANG_WARN_STRICT_PROTOTYPES = YES;
				CLANG_WARN_SUSPICIOUS_MOVE = YES;
				CLANG_WARN_UNGUARDED_AVAILABILITY = YES_AGGRESSIVE;
				CLANG_WARN_UNREACHABLE_CODE = YES;
				CLANG_WARN__DUPLICATE_METHOD_MATCH = YES;
				CODE_SIGN_IDENTITY = "iPhone Developer";
				COPY_PHASE_STRIP = NO;
				DEBUG_INFORMATION_FORMAT = dwarf;
				ENABLE_STRICT_OBJC_MSGSEND = YES;
				ENABLE_TESTABILITY = YES;
				GCC_C_LANGUAGE_STANDARD = gnu11;
				GCC_DYNAMIC_NO_PIC = NO;
				GCC_NO_COMMON_BLOCKS = YES;
				GCC_OPTIMIZATION_LEVEL = 0;
				GCC_PREPROCESSOR_DEFINITIONS = (
					"DEBUG=1",
					"$(inherited)",
				);
				GCC_WARN_64_TO_32_BIT_CONVERSION = YES;
				GCC_WARN_ABOUT_RETURN_TYPE = YES_ERROR;
				GCC_WARN_UNDECLARED_SELECTOR = YES;
				GCC_WARN_UNINITIALIZED_AUTOS = YES_AGGRESSIVE;
				GCC_WARN_UNUSED_FUNCTION = YES;
				GCC_WARN_UNUSED_VARIABLE = YES;
				IPHONEOS_DEPLOYMENT_TARGET = 10.0;
				MTL_ENABLE_DEBUG_INFO = YES;
				ONLY_ACTIVE_ARCH = YES;
				SDKROOT = iphoneos;
				SWIFT_ACTIVE_COMPILATION_CONDITIONS = DEBUG;
				SWIFT_OPTIMIZATION_LEVEL = "-Onone";
			};
			name = Debug;
		};
		1FB151161F5D354200BE4A7D /* Release */ = {
			isa = XCBuildConfiguration;
			buildSettings = {
				ALWAYS_SEARCH_USER_PATHS = NO;
				CLANG_ANALYZER_LOCALIZABILITY_NONLOCALIZED = YES;
				CLANG_ANALYZER_NONNULL = YES;
				CLANG_ANALYZER_NUMBER_OBJECT_CONVERSION = YES_AGGRESSIVE;
				CLANG_CXX_LANGUAGE_STANDARD = "gnu++14";
				CLANG_CXX_LIBRARY = "libc++";
				CLANG_ENABLE_MODULES = YES;
				CLANG_ENABLE_OBJC_ARC = YES;
				CLANG_WARN_BLOCK_CAPTURE_AUTORELEASING = YES;
				CLANG_WARN_BOOL_CONVERSION = YES;
				CLANG_WARN_COMMA = YES;
				CLANG_WARN_CONSTANT_CONVERSION = YES;
				CLANG_WARN_DIRECT_OBJC_ISA_USAGE = YES_ERROR;
				CLANG_WARN_DOCUMENTATION_COMMENTS = YES;
				CLANG_WARN_EMPTY_BODY = YES;
				CLANG_WARN_ENUM_CONVERSION = YES;
				CLANG_WARN_INFINITE_RECURSION = YES;
				CLANG_WARN_INT_CONVERSION = YES;
				CLANG_WARN_NON_LITERAL_NULL_CONVERSION = YES;
				CLANG_WARN_OBJC_LITERAL_CONVERSION = YES;
				CLANG_WARN_OBJC_ROOT_CLASS = YES_ERROR;
				CLANG_WARN_RANGE_LOOP_ANALYSIS = YES;
				CLANG_WARN_STRICT_PROTOTYPES = YES;
				CLANG_WARN_SUSPICIOUS_MOVE = YES;
				CLANG_WARN_UNGUARDED_AVAILABILITY = YES_AGGRESSIVE;
				CLANG_WARN_UNREACHABLE_CODE = YES;
				CLANG_WARN__DUPLICATE_METHOD_MATCH = YES;
				CODE_SIGN_IDENTITY = "iPhone Developer";
				COPY_PHASE_STRIP = NO;
				DEBUG_INFORMATION_FORMAT = "dwarf-with-dsym";
				ENABLE_NS_ASSERTIONS = NO;
				ENABLE_STRICT_OBJC_MSGSEND = YES;
				GCC_C_LANGUAGE_STANDARD = gnu11;
				GCC_NO_COMMON_BLOCKS = YES;
				GCC_WARN_64_TO_32_BIT_CONVERSION = YES;
				GCC_WARN_ABOUT_RETURN_TYPE = YES_ERROR;
				GCC_WARN_UNDECLARED_SELECTOR = YES;
				GCC_WARN_UNINITIALIZED_AUTOS = YES_AGGRESSIVE;
				GCC_WARN_UNUSED_FUNCTION = YES;
				GCC_WARN_UNUSED_VARIABLE = YES;
				IPHONEOS_DEPLOYMENT_TARGET = 10.0;
				MTL_ENABLE_DEBUG_INFO = NO;
				SDKROOT = iphoneos;
				SWIFT_OPTIMIZATION_LEVEL = "-Owholemodule";
				VALIDATE_PRODUCT = YES;
			};
			name = Release;
		};
		1FB151181F5D354200BE4A7D /* Debug */ = {
			isa = XCBuildConfiguration;
			buildSettings = {
				ASSETCATALOG_COMPILER_APPICON_NAME = AppIcon;
				CODE_SIGN_STYLE = Automatic;
				DEVELOPMENT_TEAM = 6P96PVYDRL;
				FRAMEWORK_SEARCH_PATHS = (
					"$(inherited)",
					"$(PROJECT_DIR)/Carthage/Build/iOS",
				);
				INFOPLIST_FILE = disneyNavigationPreview/Info.plist;
				IPHONEOS_DEPLOYMENT_TARGET = 11.0;
				LD_RUNPATH_SEARCH_PATHS = "$(inherited) @executable_path/Frameworks";
				PRODUCT_BUNDLE_IDENTIFIER = "jp.co.e-business.disneyNavigationPreview";
				PRODUCT_NAME = "$(TARGET_NAME)";
				SWIFT_VERSION = 4.0;
				TARGETED_DEVICE_FAMILY = 1;
			};
			name = Debug;
		};
		1FB151191F5D354200BE4A7D /* Release */ = {
			isa = XCBuildConfiguration;
			buildSettings = {
				ASSETCATALOG_COMPILER_APPICON_NAME = AppIcon;
				CODE_SIGN_STYLE = Automatic;
				DEVELOPMENT_TEAM = 6P96PVYDRL;
				FRAMEWORK_SEARCH_PATHS = (
					"$(inherited)",
					"$(PROJECT_DIR)/Carthage/Build/iOS",
				);
				INFOPLIST_FILE = disneyNavigationPreview/Info.plist;
				IPHONEOS_DEPLOYMENT_TARGET = 11.0;
				LD_RUNPATH_SEARCH_PATHS = "$(inherited) @executable_path/Frameworks";
				PRODUCT_BUNDLE_IDENTIFIER = "jp.co.e-business.disneyNavigationPreview";
				PRODUCT_NAME = "$(TARGET_NAME)";
				SWIFT_VERSION = 4.0;
				TARGETED_DEVICE_FAMILY = 1;
			};
			name = Release;
		};
/* End XCBuildConfiguration section */

/* Begin XCConfigurationList section */
		1FB150FD1F5D354200BE4A7D /* Build configuration list for PBXProject "disneyNavigationPreview" */ = {
			isa = XCConfigurationList;
			buildConfigurations = (
				1FB151151F5D354200BE4A7D /* Debug */,
				1FB151161F5D354200BE4A7D /* Release */,
			);
			defaultConfigurationIsVisible = 0;
			defaultConfigurationName = Release;
		};
		1FB151171F5D354200BE4A7D /* Build configuration list for PBXNativeTarget "disneyNavigationPreview" */ = {
			isa = XCConfigurationList;
			buildConfigurations = (
				1FB151181F5D354200BE4A7D /* Debug */,
				1FB151191F5D354200BE4A7D /* Release */,
			);
			defaultConfigurationIsVisible = 0;
			defaultConfigurationName = Release;
		};
/* End XCConfigurationList section */

/* Begin XCVersionGroup section */
		1FB1510C1F5D354200BE4A7D /* disneyNavigationPreview.xcdatamodeld */ = {
			isa = XCVersionGroup;
			children = (
				1FB1510D1F5D354200BE4A7D /* disneyNavigationPreview.xcdatamodel */,
			);
			currentVersion = 1FB1510D1F5D354200BE4A7D /* disneyNavigationPreview.xcdatamodel */;
			path = disneyNavigationPreview.xcdatamodeld;
			sourceTree = "<group>";
			versionGroupType = wrapper.xcdatamodel;
		};
/* End XCVersionGroup section */
	};
	rootObject = 1FB150FA1F5D354200BE4A7D /* Project object */;
}
